<?xml version="1.0" encoding="utf-8"?>
<Project ToolsVersion="4.0" xmlns="http://schemas.microsoft.com/developer/msbuild/2003">
  <ItemGroup>
    <Filter Include="Source Files">
      <UniqueIdentifier>{1bc8c595-92c4-409c-82f7-8cacc87a7b53}</UniqueIdentifier>
      <Extensions>cpp;c;cxx;def;odl;idl;hpj;bat;asm</Extensions>
    </Filter>
    <Filter Include="Header Files">
      <UniqueIdentifier>{64bc13fc-589f-4c5a-bf9e-d35f36c99a32}</UniqueIdentifier>
      <Extensions>h;hpp;hxx;hm;inl;inc</Extensions>
    </Filter>
    <Filter Include="Resource Files">
      <UniqueIdentifier>{21272dd1-1226-4cb0-be32-0223c1b3692b}</UniqueIdentifier>
      <Extensions>rc;ico;cur;bmp;dlg;rc2;rct;bin;rgs;jpg;jpeg;jpe;manifest</Extensions>
    </Filter>
    <Filter Include="SoUI Resource">
      <UniqueIdentifier>{acdd5875-52d3-40e0-a13b-2ad1031bb758}</UniqueIdentifier>
      <Extensions>idx;xml;png;gif;jpg;ico;lua;bmp</Extensions>
    </Filter>
    <Filter Include="登录器">
      <UniqueIdentifier>{305ba25f-a07b-48e3-887a-2c0e72905e48}</UniqueIdentifier>
    </Filter>
    <Filter Include="自定义控件">
      <UniqueIdentifier>{73f16bd6-eca6-4aec-ab9b-cd30bc5d59fd}</UniqueIdentifier>
    </Filter>
  </ItemGroup>
  <ItemGroup>
    <Text Include="license.txt" />
    <Text Include="readme.txt" />
  </ItemGroup>
  <ItemGroup>
    <ClCompile Include="IMClient.cpp">
      <Filter>Source Files</Filter>
    </ClCompile>
    <ClCompile Include="MainDlg.cpp">
      <Filter>Source Files</Filter>
    </ClCompile>
    <ClCompile Include="stdafx.cpp">
      <Filter>Source Files</Filter>
    </ClCompile>
    <ClCompile Include="trayicon\SShellNotifyIcon.cpp">
      <Filter>Source Files</Filter>
    </ClCompile>
    <ClCompile Include="trayicon\SShellNofityHwnd2.cpp">
      <Filter>Source Files</Filter>
    </ClCompile>
    <ClCompile Include="CLoginDlg.cpp">
      <Filter>登录器</Filter>
    </ClCompile>
    <ClCompile Include="MenuWrapper.cpp">
      <Filter>自定义控件</Filter>
    </ClCompile>
    <ClCompile Include="CImDlg.cpp">
      <Filter>Source Files</Filter>
    </ClCompile>
  </ItemGroup>
  <ItemGroup>
    <ResourceCompile Include="IMClient.rc">
      <Filter>Resource Files</Filter>
    </ResourceCompile>
  </ItemGroup>
  <ItemGroup>
    <ClInclude Include="MainDlg.h">
      <Filter>Header Files</Filter>
    </ClInclude>
    <ClInclude Include="resource.h">
      <Filter>Header Files</Filter>
    </ClInclude>
    <ClInclude Include="stdafx.h">
      <Filter>Header Files</Filter>
    </ClInclude>
    <ClInclude Include="trayicon\SShellNotifyIcon.h">
      <Filter>Header Files</Filter>
    </ClInclude>
    <ClInclude Include="trayicon\SShellNofityHwnd2.h">
      <Filter>Header Files</Filter>
    </ClInclude>
    <ClInclude Include="CLoginDlg.h">
      <Filter>登录器</Filter>
    </ClInclude>
    <ClInclude Include="MenuWrapper.h">
      <Filter>自定义控件</Filter>
    </ClInclude>
    <ClInclude Include="CImDlg.h">
      <Filter>Header Files</Filter>
    </ClInclude>
  </ItemGroup>
  <ItemGroup>
    <None Include="res\soui_res.rc2">
      <Filter>Resource Files</Filter>
    </None>
  </ItemGroup>
  <ItemGroup>
    <Xml Include="uires\uidef\init.xml">
      <Filter>SoUI Resource</Filter>
    </Xml>
    <Xml Include="uires\values\color.xml">
      <Filter>SoUI Resource</Filter>
    </Xml>
    <Xml Include="uires\values\skin.xml">
      <Filter>SoUI Resource</Filter>
    </Xml>
    <Xml Include="uires\values\string.xml">
      <Filter>SoUI Resource</Filter>
    </Xml>
    <Xml Include="uires\xml\dlg_main.xml">
      <Filter>SoUI Resource</Filter>
    </Xml>
    <Xml Include="uires\Translator\lang_cn.xml">
      <Filter>SoUI Resource</Filter>
    </Xml>
    <Xml Include="uires\Translator\lang_jp.xml">
      <Filter>SoUI Resource</Filter>
    </Xml>
    <Xml Include="uires\xml\menu_tray.xml">
      <Filter>SoUI Resource</Filter>
    </Xml>
    <Xml Include="uires\xml\dlg_login.xml">
      <Filter>SoUI Resource</Filter>
    </Xml>
    <Xml Include="uires\xml\menu_template.xml">
      <Filter>SoUI Resource</Filter>
    </Xml>
    <Xml Include="uires\xml\dlg_im.xml">
      <Filter>SoUI Resource</Filter>
    </Xml>
  </ItemGroup>
  <ItemGroup>
    <Image Include="uires\image\soui.ico">
      <Filter>SoUI Resource</Filter>
    </Image>
    <Image Include="uires\image\traymenu_icons.png">
      <Filter>SoUI Resource</Filter>
    </Image>
  </ItemGroup>
  <ItemGroup>
    <CustomBuild Include="uires\uires.idx">
      <Filter>SoUI Resource</Filter>
    </CustomBuild>
  </ItemGroup>
</Project>