<?xml version="1.0" encoding="utf-8"?>
<Project ToolsVersion="4.0" xmlns="http://schemas.microsoft.com/developer/msbuild/2003">
  <ItemGroup>
    <Filter Include="Source Files">
      <UniqueIdentifier>{1bc8c595-92c4-409c-82f7-8cacc87a7b53}</UniqueIdentifier>
      <Extensions>cpp;c;cxx;def;odl;idl;hpj;bat;asm</Extensions>
    </Filter>
    <Filter Include="Header Files">
      <UniqueIdentifier>{64bc13fc-589f-4c5a-bf9e-d35f36c99a32}</UniqueIdentifier>
      <Extensions>h;hpp;hxx;hm;inl;inc</Extensions>
    </Filter>
    <Filter Include="Resource Files">
      <UniqueIdentifier>{21272dd1-1226-4cb0-be32-0223c1b3692b}</UniqueIdentifier>
      <Extensions>rc;ico;cur;bmp;dlg;rc2;rct;bin;rgs;jpg;jpeg;jpe;manifest</Extensions>
    </Filter>
    <Filter Include="SoUI Resource">
      <UniqueIdentifier>{acdd5875-52d3-40e0-a13b-2ad1031bb758}</UniqueIdentifier>
      <Extensions>idx;xml;png;gif;jpg;ico;lua;bmp</Extensions>
    </Filter>
    <Filter Include="登录器">
      <UniqueIdentifier>{305ba25f-a07b-48e3-887a-2c0e72905e48}</UniqueIdentifier>
    </Filter>
    <Filter Include="自定义控件">
      <UniqueIdentifier>{73f16bd6-eca6-4aec-ab9b-cd30bc5d59fd}</UniqueIdentifier>
    </Filter>
    <Filter Include="extend.ctrls">
      <UniqueIdentifier>{4b417626-0ba6-409d-912b-5d1fcbfa21b2}</UniqueIdentifier>
    </Filter>
    <Filter Include="extend.ctrls\gif">
      <UniqueIdentifier>{79614f3c-1eb0-4089-995c-d47d7ef7493c}</UniqueIdentifier>
    </Filter>
    <Filter Include="extend.ctrls\imre">
      <UniqueIdentifier>{7e745182-9086-4af0-9500-afa6908be6e7}</UniqueIdentifier>
    </Filter>
    <Filter Include="extend.events">
      <UniqueIdentifier>{7d4f3072-b649-40bd-962b-756e2136ad5f}</UniqueIdentifier>
    </Filter>
    <Filter Include="extend.skins">
      <UniqueIdentifier>{9dff3e8a-526b-44f1-8c58-6eb31eb3ecbf}</UniqueIdentifier>
    </Filter>
    <Filter Include="全局类">
      <UniqueIdentifier>{58a63bfb-f612-4f39-8a2d-cea674837b80}</UniqueIdentifier>
    </Filter>
    <Filter Include="SoUI Resource\企业通讯">
      <UniqueIdentifier>{484590dc-2b6f-453c-a39a-c26651834003}</UniqueIdentifier>
    </Filter>
    <Filter Include="适配器">
      <UniqueIdentifier>{f3a4fa31-3291-4327-b1bb-c46f47bc8551}</UniqueIdentifier>
    </Filter>
    <Filter Include="SoUI Resource\企业通讯\菜单">
      <UniqueIdentifier>{b891901e-5b4e-4101-a08e-7bee870e0f79}</UniqueIdentifier>
    </Filter>
    <Filter Include="SoUI Resource\企业通讯\ole">
      <UniqueIdentifier>{2189321d-b6ea-4849-9a7e-a13481e1c291}</UniqueIdentifier>
    </Filter>
  </ItemGroup>
  <ItemGroup>
    <Text Include="license.txt" />
    <Text Include="readme.txt" />
  </ItemGroup>
  <ItemGroup>
    <ClCompile Include="IMClient.cpp">
      <Filter>Source Files</Filter>
    </ClCompile>
    <ClCompile Include="MainDlg.cpp">
      <Filter>Source Files</Filter>
    </ClCompile>
    <ClCompile Include="stdafx.cpp">
      <Filter>Source Files</Filter>
    </ClCompile>
    <ClCompile Include="trayicon\SShellNotifyIcon.cpp">
      <Filter>Source Files</Filter>
    </ClCompile>
    <ClCompile Include="trayicon\SShellNofityHwnd2.cpp">
      <Filter>Source Files</Filter>
    </ClCompile>
    <ClCompile Include="CLoginDlg.cpp">
      <Filter>登录器</Filter>
    </ClCompile>
    <ClCompile Include="MenuWrapper.cpp">
      <Filter>自定义控件</Filter>
    </ClCompile>
    <ClCompile Include="CImDlg.cpp">
      <Filter>Source Files</Filter>
    </ClCompile>
    <ClCompile Include="extend.ctrls\ExtendCtrls.cpp">
      <Filter>extend.ctrls</Filter>
    </ClCompile>
    <ClCompile Include="extend.ctrls\SButtonEx.cpp">
      <Filter>extend.ctrls</Filter>
    </ClCompile>
    <ClCompile Include="extend.ctrls\SImageView.cpp">
      <Filter>extend.ctrls</Filter>
    </ClCompile>
    <ClCompile Include="extend.ctrls\SListboxex.cpp">
      <Filter>extend.ctrls</Filter>
    </ClCompile>
    <ClCompile Include="extend.ctrls\gif\SGifPlayer.cpp">
      <Filter>extend.ctrls\gif</Filter>
    </ClCompile>
    <ClCompile Include="extend.ctrls\gif\SSkinAPNG.cpp">
      <Filter>extend.ctrls\gif</Filter>
    </ClCompile>
    <ClCompile Include="extend.ctrls\gif\SSkinGif.cpp">
      <Filter>extend.ctrls\gif</Filter>
    </ClCompile>
    <ClCompile Include="extend.ctrls\imre\ClipboardConverter.cpp">
      <Filter>extend.ctrls\imre</Filter>
    </ClCompile>
    <ClCompile Include="extend.ctrls\imre\dataobject.cpp">
      <Filter>extend.ctrls\imre</Filter>
    </ClCompile>
    <ClCompile Include="extend.ctrls\imre\HTMLParser.cpp">
      <Filter>extend.ctrls\imre</Filter>
    </ClCompile>
    <ClCompile Include="extend.ctrls\imre\HTTPDownloader.cpp">
      <Filter>extend.ctrls\imre</Filter>
    </ClCompile>
    <ClCompile Include="extend.ctrls\imre\ImgProvider.cpp">
      <Filter>extend.ctrls\imre</Filter>
    </ClCompile>
    <ClCompile Include="extend.ctrls\imre\RichEditObj.cpp">
      <Filter>extend.ctrls\imre</Filter>
    </ClCompile>
    <ClCompile Include="extend.ctrls\imre\RichEditObjFactory.cpp">
      <Filter>extend.ctrls\imre</Filter>
    </ClCompile>
    <ClCompile Include="extend.ctrls\imre\RichEditOleBase.cpp">
      <Filter>extend.ctrls\imre</Filter>
    </ClCompile>
    <ClCompile Include="extend.ctrls\imre\RichEditOleCallback.cpp">
      <Filter>extend.ctrls\imre</Filter>
    </ClCompile>
    <ClCompile Include="extend.ctrls\imre\RichEditOleCtrls.cpp">
      <Filter>extend.ctrls\imre</Filter>
    </ClCompile>
    <ClCompile Include="extend.ctrls\imre\RichEditUnitConverter.cpp">
      <Filter>extend.ctrls\imre</Filter>
    </ClCompile>
    <ClCompile Include="extend.ctrls\imre\SImRichedit.cpp">
      <Filter>extend.ctrls\imre</Filter>
    </ClCompile>
    <ClCompile Include="extend.skins\ExtendSkins.cpp">
      <Filter>extend.skins</Filter>
    </ClCompile>
    <ClCompile Include="extend.skins\SAntialiasSkin.cpp">
      <Filter>extend.skins</Filter>
    </ClCompile>
    <ClCompile Include="utils.cpp">
      <Filter>全局类</Filter>
    </ClCompile>
    <ClCompile Include="CGlobalUnits.cpp">
      <Filter>全局类</Filter>
    </ClCompile>
    <ClCompile Include="CLvMessageAdapter.cpp">
      <Filter>适配器</Filter>
    </ClCompile>
    <ClCompile Include="CTvContactAdapter.cpp">
      <Filter>适配器</Filter>
    </ClCompile>
    <ClCompile Include="CLvNewFriendAdapter.cpp">
      <Filter>适配器</Filter>
    </ClCompile>
    <ClCompile Include="CGZHTileViewAdapter.cpp">
      <Filter>适配器</Filter>
    </ClCompile>
    <ClCompile Include="CDYHTileViewAdapter.cpp">
      <Filter>适配器</Filter>
    </ClCompile>
    <ClCompile Include="CGrpMbrTileViewAdapter.cpp">
      <Filter>适配器</Filter>
    </ClCompile>
    <ClCompile Include="CEmotionTileViewAdapter.cpp">
      <Filter>Source Files</Filter>
    </ClCompile>
  </ItemGroup>
  <ItemGroup>
    <ResourceCompile Include="IMClient.rc">
      <Filter>Resource Files</Filter>
    </ResourceCompile>
  </ItemGroup>
  <ItemGroup>
    <ClInclude Include="MainDlg.h">
      <Filter>Header Files</Filter>
    </ClInclude>
    <ClInclude Include="resource.h">
      <Filter>Header Files</Filter>
    </ClInclude>
    <ClInclude Include="stdafx.h">
      <Filter>Header Files</Filter>
    </ClInclude>
    <ClInclude Include="trayicon\SShellNotifyIcon.h">
      <Filter>Header Files</Filter>
    </ClInclude>
    <ClInclude Include="trayicon\SShellNofityHwnd2.h">
      <Filter>Header Files</Filter>
    </ClInclude>
    <ClInclude Include="CLoginDlg.h">
      <Filter>登录器</Filter>
    </ClInclude>
    <ClInclude Include="MenuWrapper.h">
      <Filter>自定义控件</Filter>
    </ClInclude>
    <ClInclude Include="CImDlg.h">
      <Filter>Header Files</Filter>
    </ClInclude>
    <ClInclude Include="extend.ctrls\ExtendCtrls.h">
      <Filter>extend.ctrls</Filter>
    </ClInclude>
    <ClInclude Include="extend.ctrls\SButtonEx.h">
      <Filter>extend.ctrls</Filter>
    </ClInclude>
    <ClInclude Include="extend.ctrls\SImageView.h">
      <Filter>extend.ctrls</Filter>
    </ClInclude>
    <ClInclude Include="extend.ctrls\SListboxex.h">
      <Filter>extend.ctrls</Filter>
    </ClInclude>
    <ClInclude Include="extend.ctrls\gif\SAniImgFrame.h">
      <Filter>extend.ctrls\gif</Filter>
    </ClInclude>
    <ClInclude Include="extend.ctrls\gif\SGifPlayer.h">
      <Filter>extend.ctrls\gif</Filter>
    </ClInclude>
    <ClInclude Include="extend.ctrls\gif\SSkinAPNG.h">
      <Filter>extend.ctrls\gif</Filter>
    </ClInclude>
    <ClInclude Include="extend.ctrls\gif\SSkinGif.h">
      <Filter>extend.ctrls\gif</Filter>
    </ClInclude>
    <ClInclude Include="extend.ctrls\imre\ClipboardConverter.h">
      <Filter>extend.ctrls\imre</Filter>
    </ClInclude>
    <ClInclude Include="extend.ctrls\imre\dataobject.h">
      <Filter>extend.ctrls\imre</Filter>
    </ClInclude>
    <ClInclude Include="extend.ctrls\imre\HTMLParser.h">
      <Filter>extend.ctrls\imre</Filter>
    </ClInclude>
    <ClInclude Include="extend.ctrls\imre\HTTPDownloader.h">
      <Filter>extend.ctrls\imre</Filter>
    </ClInclude>
    <ClInclude Include="extend.ctrls\imre\ImgProvider.h">
      <Filter>extend.ctrls\imre</Filter>
    </ClInclude>
    <ClInclude Include="extend.ctrls\imre\IRichEditObjHost.h">
      <Filter>extend.ctrls\imre</Filter>
    </ClInclude>
    <ClInclude Include="extend.ctrls\imre\RichEditObj.h">
      <Filter>extend.ctrls\imre</Filter>
    </ClInclude>
    <ClInclude Include="extend.ctrls\imre\RichEditObjEvents.h">
      <Filter>extend.ctrls\imre</Filter>
    </ClInclude>
    <ClInclude Include="extend.ctrls\imre\RichEditObjFactory.h">
      <Filter>extend.ctrls\imre</Filter>
    </ClInclude>
    <ClInclude Include="extend.ctrls\imre\RichEditOleBase.h">
      <Filter>extend.ctrls\imre</Filter>
    </ClInclude>
    <ClInclude Include="extend.ctrls\imre\RichEditOleCallback.h">
      <Filter>extend.ctrls\imre</Filter>
    </ClInclude>
    <ClInclude Include="extend.ctrls\imre\RichEditOleCtrls.h">
      <Filter>extend.ctrls\imre</Filter>
    </ClInclude>
    <ClInclude Include="extend.ctrls\imre\RichEditUnitConverter.h">
      <Filter>extend.ctrls\imre</Filter>
    </ClInclude>
    <ClInclude Include="extend.ctrls\imre\SImRichEdit.h">
      <Filter>extend.ctrls\imre</Filter>
    </ClInclude>
    <ClInclude Include="extend.events\ExtendEvents.h">
      <Filter>extend.events</Filter>
    </ClInclude>
    <ClInclude Include="extend.skins\ExtendSkins.h">
      <Filter>extend.skins</Filter>
    </ClInclude>
    <ClInclude Include="extend.skins\SAntialiasSkin.h">
      <Filter>extend.skins</Filter>
    </ClInclude>
    <ClInclude Include="extend.skins\SVscrollbar.h">
      <Filter>extend.skins</Filter>
    </ClInclude>
    <ClInclude Include="utils.h">
      <Filter>全局类</Filter>
    </ClInclude>
    <ClInclude Include="apppublic.h">
      <Filter>全局类</Filter>
    </ClInclude>
    <ClInclude Include="CGlobalUnits.h">
      <Filter>全局类</Filter>
    </ClInclude>
    <ClInclude Include="CLvMessageAdapter.h">
      <Filter>适配器</Filter>
    </ClInclude>
    <ClInclude Include="CTvContactAdapter.h">
      <Filter>适配器</Filter>
    </ClInclude>
    <ClInclude Include="CLvNewFriendAdapter.h">
      <Filter>适配器</Filter>
    </ClInclude>
    <ClInclude Include="CGZHTileViewAdapter.h">
      <Filter>适配器</Filter>
    </ClInclude>
    <ClInclude Include="CDYHTileViewAdapter.h">
      <Filter>适配器</Filter>
    </ClInclude>
    <ClInclude Include="CGrpMbrTileViewAdapter.h">
      <Filter>适配器</Filter>
    </ClInclude>
    <ClInclude Include="FileHelper.h">
      <Filter>自定义控件</Filter>
    </ClInclude>
    <ClInclude Include="CEmotionTileViewAdapter.h">
      <Filter>Header Files</Filter>
    </ClInclude>
  </ItemGroup>
  <ItemGroup>
    <None Include="res\soui_res.rc2">
      <Filter>Resource Files</Filter>
    </None>
  </ItemGroup>
  <ItemGroup>
    <Xml Include="uires\uidef\init.xml">
      <Filter>SoUI Resource</Filter>
    </Xml>
    <Xml Include="uires\values\color.xml">
      <Filter>SoUI Resource</Filter>
    </Xml>
    <Xml Include="uires\values\skin.xml">
      <Filter>SoUI Resource</Filter>
    </Xml>
    <Xml Include="uires\values\string.xml">
      <Filter>SoUI Resource</Filter>
    </Xml>
    <Xml Include="uires\xml\dlg_main.xml">
      <Filter>SoUI Resource</Filter>
    </Xml>
    <Xml Include="uires\Translator\lang_cn.xml">
      <Filter>SoUI Resource</Filter>
    </Xml>
    <Xml Include="uires\Translator\lang_jp.xml">
      <Filter>SoUI Resource</Filter>
    </Xml>
    <Xml Include="uires\xml\menu_tray.xml">
      <Filter>SoUI Resource</Filter>
    </Xml>
    <Xml Include="uires\xml\dlg_login.xml">
      <Filter>SoUI Resource</Filter>
    </Xml>
    <Xml Include="uires\xml\menu_template.xml">
      <Filter>SoUI Resource</Filter>
    </Xml>
    <Xml Include="uires\xml\richeditole\fetchmoreole.xml">
      <Filter>SoUI Resource\企业通讯</Filter>
    </Xml>
    <Xml Include="uires\xml\page_chat_filehelper.xml">
      <Filter>SoUI Resource\企业通讯</Filter>
    </Xml>
    <Xml Include="uires\xml\page_msg.xml">
      <Filter>SoUI Resource\企业通讯</Filter>
    </Xml>
    <Xml Include="uires\xml\dlg_im.xml">
      <Filter>SoUI Resource\企业通讯</Filter>
    </Xml>
    <Xml Include="uires\xml\page_contact.xml">
      <Filter>SoUI Resource\企业通讯</Filter>
    </Xml>
    <Xml Include="uires\xml\page_comm_dyh.xml">
      <Filter>SoUI Resource\企业通讯</Filter>
    </Xml>
    <Xml Include="uires\xml\page_comm_group.xml">
      <Filter>SoUI Resource\企业通讯</Filter>
    </Xml>
    <Xml Include="uires\xml\page_comm_gzh.xml">
      <Filter>SoUI Resource\企业通讯</Filter>
    </Xml>
    <Xml Include="uires\xml\page_comm_newfriends.xml">
      <Filter>SoUI Resource\企业通讯</Filter>
    </Xml>
    <Xml Include="uires\xml\page_comm_personal.xml">
      <Filter>SoUI Resource\企业通讯</Filter>
    </Xml>
    <Xml Include="uires\xml\page_collect.xml">
      <Filter>SoUI Resource\企业通讯</Filter>
    </Xml>
    <Xml Include="uires\xml\page_chat_group.xml">
      <Filter>SoUI Resource\企业通讯</Filter>
    </Xml>
    <Xml Include="uires\xml\page_chat_personal.xml">
      <Filter>SoUI Resource\企业通讯</Filter>
    </Xml>
    <Xml Include="uires\xml\menu\menu_contactlist.xml">
      <Filter>SoUI Resource\企业通讯\菜单</Filter>
    </Xml>
    <Xml Include="uires\xml\menu\menu_messagelist.xml">
      <Filter>SoUI Resource\企业通讯\菜单</Filter>
    </Xml>
    <Xml Include="uires\menuex\emoji.xml">
      <Filter>SoUI Resource\企业通讯\菜单</Filter>
    </Xml>
    <Xml Include="uires\xml\richeditole\audioole.xml">
      <Filter>SoUI Resource\企业通讯\ole</Filter>
    </Xml>
    <Xml Include="uires\xml\richeditole\fileole.xml">
      <Filter>SoUI Resource\企业通讯\ole</Filter>
    </Xml>
    <Xml Include="uires\xml\richeditole\imageole.xml">
      <Filter>SoUI Resource\企业通讯\ole</Filter>
    </Xml>
    <Xml Include="uires\xml\richeditole\linkole.xml">
      <Filter>SoUI Resource\企业通讯\ole</Filter>
    </Xml>
    <Xml Include="uires\xml\richeditole\locationole.xml">
      <Filter>SoUI Resource\企业通讯\ole</Filter>
    </Xml>
    <Xml Include="uires\xml\richeditole\MetaFileOle.xml">
      <Filter>SoUI Resource\企业通讯\ole</Filter>
    </Xml>
    <Xml Include="uires\xml\richeditole\reeditorole.xml">
      <Filter>SoUI Resource\企业通讯\ole</Filter>
    </Xml>
    <Xml Include="uires\xml\richeditole\remainderole.xml">
      <Filter>SoUI Resource\企业通讯\ole</Filter>
    </Xml>
    <Xml Include="uires\xml\richeditole\splitlineole.xml">
      <Filter>SoUI Resource\企业通讯\ole</Filter>
    </Xml>
    <Xml Include="uires\xml\richeditole\videoole.xml">
      <Filter>SoUI Resource\企业通讯\ole</Filter>
    </Xml>
  </ItemGroup>
  <ItemGroup>
    <Image Include="uires\image\soui.ico">
      <Filter>SoUI Resource</Filter>
    </Image>
    <Image Include="uires\image\traymenu_icons.png">
      <Filter>SoUI Resource</Filter>
    </Image>
  </ItemGroup>
  <ItemGroup>
    <CustomBuild Include="uires\uires.idx">
      <Filter>SoUI Resource</Filter>
    </CustomBuild>
  </ItemGroup>
</Project>